
Microsoft Visual Studio Solution File, Format Version 12.00
# Visual Studio 15
VisualStudioVersion = 15.0.28307.1022
MinimumVisualStudioVersion = 10.0.40219.1
Project("{FAE04EC0-301F-11D3-BF4B-00C04F79EFBC}") = "Zadatak_1", "Zadatak_1\Zadatak_1.csproj", "{29958DD4-6EC6-4413-9F1E-5CC264DA6B36}"
EndProject
Global
	GlobalSection(SolutionConfigurationPlatforms) = preSolution
		Debug|Any CPU = Debug|Any CPU
		Release|Any CPU = Release|Any CPU
	EndGlobalSection
	GlobalSection(ProjectConfigurationPlatforms) = postSolution
		{29958DD4-6EC6-4413-9F1E-5CC264DA6B36}.Debug|Any CPU.ActiveCfg = Debug|Any CPU
		{29958DD4-6EC6-4413-9F1E-5CC264DA6B36}.Debug|Any CPU.Build.0 = Debug|Any CPU
		{29958DD4-6EC6-4413-9F1E-5CC264DA6B36}.Release|Any CPU.ActiveCfg = Release|Any CPU
		{29958DD4-6EC6-4413-9F1E-5CC264DA6B36}.Release|Any CPU.Build.0 = Release|Any CPU
	EndGlobalSection
	GlobalSection(SolutionProperties) = preSolution
		HideSolutionNode = FALSE
	EndGlobalSection
	GlobalSection(ExtensibilityGlobals) = postSolution
		SolutionGuid = {1D4F4A96-5CD2-4156-8118-095CA203CA86}
	EndGlobalSection
EndGlobal
